// !$*UTF8*$!
{
	archiveVersion = 1;
	classes = {
	};
	objectVersion = 56;
	objects = {

/* Begin PBXBuildFile section */
		6F2C26A229CF88480056FCE7 /* AppDelegate.swift in Sources */ = {isa = PBXBuildFile; fileRef = 6F2C26A129CF88480056FCE7 /* AppDelegate.swift */; };
		6F2C26A429CF88480056FCE7 /* SceneDelegate.swift in Sources */ = {isa = PBXBuildFile; fileRef = 6F2C26A329CF88480056FCE7 /* SceneDelegate.swift */; };
		6F2C26A629CF88480056FCE7 /* HomeViewController.swift in Sources */ = {isa = PBXBuildFile; fileRef = 6F2C26A529CF88480056FCE7 /* HomeViewController.swift */; };
		6F2C26A929CF88480056FCE7 /* Main.storyboard in Resources */ = {isa = PBXBuildFile; fileRef = 6F2C26A729CF88480056FCE7 /* Main.storyboard */; };
		6F2C26AB29CF88490056FCE7 /* Assets.xcassets in Resources */ = {isa = PBXBuildFile; fileRef = 6F2C26AA29CF88490056FCE7 /* Assets.xcassets */; };
		6F2C26AE29CF88490056FCE7 /* LaunchScreen.storyboard in Resources */ = {isa = PBXBuildFile; fileRef = 6F2C26AC29CF88490056FCE7 /* LaunchScreen.storyboard */; };
		6F2C26BB29CF8B530056FCE7 /* ExploreViewController.swift in Sources */ = {isa = PBXBuildFile; fileRef = 6F2C26BA29CF8B530056FCE7 /* ExploreViewController.swift */; };
		6F2C26BD29CF8B6D0056FCE7 /* CameraViewController.swift in Sources */ = {isa = PBXBuildFile; fileRef = 6F2C26BC29CF8B6D0056FCE7 /* CameraViewController.swift */; };
		6F2C26BF29CF8B850056FCE7 /* NotificationsViewController.swift in Sources */ = {isa = PBXBuildFile; fileRef = 6F2C26BE29CF8B850056FCE7 /* NotificationsViewController.swift */; };
		6F2C26C129CF8B950056FCE7 /* ProfileViewController.swift in Sources */ = {isa = PBXBuildFile; fileRef = 6F2C26C029CF8B950056FCE7 /* ProfileViewController.swift */; };
		6F2C26C529CF8C480056FCE7 /* LoginViewController.swift in Sources */ = {isa = PBXBuildFile; fileRef = 6F2C26C429CF8C480056FCE7 /* LoginViewController.swift */; };
		6F2C26C729CF8C5E0056FCE7 /* RegistrationViewController.swift in Sources */ = {isa = PBXBuildFile; fileRef = 6F2C26C629CF8C5E0056FCE7 /* RegistrationViewController.swift */; };
		6F2C26CA29CF8C920056FCE7 /* PostViewController.swift in Sources */ = {isa = PBXBuildFile; fileRef = 6F2C26C929CF8C920056FCE7 /* PostViewController.swift */; };
		6F2C26CC29CF8CB50056FCE7 /* EditProfileViewController.swift in Sources */ = {isa = PBXBuildFile; fileRef = 6F2C26CB29CF8CB50056FCE7 /* EditProfileViewController.swift */; };
		6F2C26CE29CF8CC10056FCE7 /* SettingViewController.swift in Sources */ = {isa = PBXBuildFile; fileRef = 6F2C26CD29CF8CC10056FCE7 /* SettingViewController.swift */; };
		6F2C26D029CF8CD80056FCE7 /* ListViewController.swift in Sources */ = {isa = PBXBuildFile; fileRef = 6F2C26CF29CF8CD80056FCE7 /* ListViewController.swift */; };
		6F2C26D229CF8CED0056FCE7 /* SearchViewController.swift in Sources */ = {isa = PBXBuildFile; fileRef = 6F2C26D129CF8CED0056FCE7 /* SearchViewController.swift */; };
		6F2C26D429CF8D0D0056FCE7 /* SearchResultViewController.swift in Sources */ = {isa = PBXBuildFile; fileRef = 6F2C26D329CF8D0D0056FCE7 /* SearchResultViewController.swift */; };
		6F2C26D629CF8E2B0056FCE7 /* PostEditorViewController.swift in Sources */ = {isa = PBXBuildFile; fileRef = 6F2C26D529CF8E2B0056FCE7 /* PostEditorViewController.swift */; };
		6F2C26D829CF8E400056FCE7 /* PublishPostViewController.swift in Sources */ = {isa = PBXBuildFile; fileRef = 6F2C26D729CF8E400056FCE7 /* PublishPostViewController.swift */; };
		6F7F167729D08C1800C4BDDB /* GoogleService-Info.plist in Resources */ = {isa = PBXBuildFile; fileRef = 6F7F167629D08C1800C4BDDB /* GoogleService-Info.plist */; };
		6F9B81FC29D08E0E0048438B /* FirebaseAnalytics in Frameworks */ = {isa = PBXBuildFile; productRef = 6F9B81FB29D08E0E0048438B /* FirebaseAnalytics */; };
		6F9B81FE29D08E0E0048438B /* FirebaseAnalyticsOnDeviceConversion in Frameworks */ = {isa = PBXBuildFile; productRef = 6F9B81FD29D08E0E0048438B /* FirebaseAnalyticsOnDeviceConversion */; };
		6F9B820029D08E0E0048438B /* FirebaseAnalyticsSwift in Frameworks */ = {isa = PBXBuildFile; productRef = 6F9B81FF29D08E0E0048438B /* FirebaseAnalyticsSwift */; };
		6F9B820229D08E0E0048438B /* FirebaseAnalyticsWithoutAdIdSupport in Frameworks */ = {isa = PBXBuildFile; productRef = 6F9B820129D08E0E0048438B /* FirebaseAnalyticsWithoutAdIdSupport */; };
		6F9B820429D08E0E0048438B /* FirebaseAppCheck in Frameworks */ = {isa = PBXBuildFile; productRef = 6F9B820329D08E0E0048438B /* FirebaseAppCheck */; };
		6F9B820629D08E0E0048438B /* FirebaseAppDistribution-Beta in Frameworks */ = {isa = PBXBuildFile; productRef = 6F9B820529D08E0E0048438B /* FirebaseAppDistribution-Beta */; };
		6F9B820829D08E0E0048438B /* FirebaseAuth in Frameworks */ = {isa = PBXBuildFile; productRef = 6F9B820729D08E0E0048438B /* FirebaseAuth */; };
		6F9B820A29D08E0E0048438B /* FirebaseAuthCombine-Community in Frameworks */ = {isa = PBXBuildFile; productRef = 6F9B820929D08E0E0048438B /* FirebaseAuthCombine-Community */; };
		6F9B820C29D08E0E0048438B /* FirebaseCrashlytics in Frameworks */ = {isa = PBXBuildFile; productRef = 6F9B820B29D08E0E0048438B /* FirebaseCrashlytics */; };
		6F9B820E29D08E0E0048438B /* FirebaseDatabase in Frameworks */ = {isa = PBXBuildFile; productRef = 6F9B820D29D08E0E0048438B /* FirebaseDatabase */; };
		6F9B821029D08E0E0048438B /* FirebaseDatabaseSwift in Frameworks */ = {isa = PBXBuildFile; productRef = 6F9B820F29D08E0E0048438B /* FirebaseDatabaseSwift */; };
		6F9B821229D08E0E0048438B /* FirebaseDynamicLinks in Frameworks */ = {isa = PBXBuildFile; productRef = 6F9B821129D08E0E0048438B /* FirebaseDynamicLinks */; };
		6F9B821429D08E0E0048438B /* FirebaseFirestore in Frameworks */ = {isa = PBXBuildFile; productRef = 6F9B821329D08E0E0048438B /* FirebaseFirestore */; };
		6F9B821629D08E0E0048438B /* FirebaseFirestoreCombine-Community in Frameworks */ = {isa = PBXBuildFile; productRef = 6F9B821529D08E0E0048438B /* FirebaseFirestoreCombine-Community */; };
		6F9B821829D08E0E0048438B /* FirebaseFirestoreSwift in Frameworks */ = {isa = PBXBuildFile; productRef = 6F9B821729D08E0E0048438B /* FirebaseFirestoreSwift */; };
		6F9B821A29D08E0E0048438B /* FirebaseFunctions in Frameworks */ = {isa = PBXBuildFile; productRef = 6F9B821929D08E0E0048438B /* FirebaseFunctions */; };
		6F9B821C29D08E0E0048438B /* FirebaseFunctionsCombine-Community in Frameworks */ = {isa = PBXBuildFile; productRef = 6F9B821B29D08E0E0048438B /* FirebaseFunctionsCombine-Community */; };
		6F9B821E29D08E0E0048438B /* FirebaseInAppMessaging-Beta in Frameworks */ = {isa = PBXBuildFile; productRef = 6F9B821D29D08E0E0048438B /* FirebaseInAppMessaging-Beta */; };
		6F9B822029D08E0E0048438B /* FirebaseInAppMessagingSwift-Beta in Frameworks */ = {isa = PBXBuildFile; productRef = 6F9B821F29D08E0E0048438B /* FirebaseInAppMessagingSwift-Beta */; };
		6F9B822229D08E0E0048438B /* FirebaseInstallations in Frameworks */ = {isa = PBXBuildFile; productRef = 6F9B822129D08E0E0048438B /* FirebaseInstallations */; };
		6F9B822429D08E0E0048438B /* FirebaseMLModelDownloader in Frameworks */ = {isa = PBXBuildFile; productRef = 6F9B822329D08E0E0048438B /* FirebaseMLModelDownloader */; };
		6F9B822629D08E0E0048438B /* FirebaseMessaging in Frameworks */ = {isa = PBXBuildFile; productRef = 6F9B822529D08E0E0048438B /* FirebaseMessaging */; };
		6F9B822829D08E0E0048438B /* FirebasePerformance in Frameworks */ = {isa = PBXBuildFile; productRef = 6F9B822729D08E0E0048438B /* FirebasePerformance */; };
		6F9B822A29D08E0E0048438B /* FirebaseRemoteConfig in Frameworks */ = {isa = PBXBuildFile; productRef = 6F9B822929D08E0E0048438B /* FirebaseRemoteConfig */; };
		6F9B822C29D08E0E0048438B /* FirebaseRemoteConfigSwift in Frameworks */ = {isa = PBXBuildFile; productRef = 6F9B822B29D08E0E0048438B /* FirebaseRemoteConfigSwift */; };
		6F9B822E29D08E0E0048438B /* FirebaseStorage in Frameworks */ = {isa = PBXBuildFile; productRef = 6F9B822D29D08E0E0048438B /* FirebaseStorage */; };
		6F9B823029D08E0E0048438B /* FirebaseStorageCombine-Community in Frameworks */ = {isa = PBXBuildFile; productRef = 6F9B822F29D08E0E0048438B /* FirebaseStorageCombine-Community */; };
		6F9B823229D0C6EE0048438B /* DatabaseManager.swift in Sources */ = {isa = PBXBuildFile; fileRef = 6F9B823129D0C6EE0048438B /* DatabaseManager.swift */; };
		6F9B823429D0C7CC0048438B /* AuthManager.swift in Sources */ = {isa = PBXBuildFile; fileRef = 6F9B823329D0C7CC0048438B /* AuthManager.swift */; };
		6F9B823629D0C8280048438B /* StorageManager.swift in Sources */ = {isa = PBXBuildFile; fileRef = 6F9B823529D0C8280048438B /* StorageManager.swift */; };
		6F9B823829D1D0AD0048438B /* Extensions.swift in Sources */ = {isa = PBXBuildFile; fileRef = 6F9B823729D1D0AD0048438B /* Extensions.swift */; };
/* End PBXBuildFile section */

/* Begin PBXFileReference section */
		6F2C269E29CF88480056FCE7 /* instagramDoli.app */ = {isa = PBXFileReference; explicitFileType = wrapper.application; includeInIndex = 0; path = instagramDoli.app; sourceTree = BUILT_PRODUCTS_DIR; };
		6F2C26A129CF88480056FCE7 /* AppDelegate.swift */ = {isa = PBXFileReference; lastKnownFileType = sourcecode.swift; path = AppDelegate.swift; sourceTree = "<group>"; };
		6F2C26A329CF88480056FCE7 /* SceneDelegate.swift */ = {isa = PBXFileReference; lastKnownFileType = sourcecode.swift; path = SceneDelegate.swift; sourceTree = "<group>"; };
		6F2C26A529CF88480056FCE7 /* HomeViewController.swift */ = {isa = PBXFileReference; lastKnownFileType = sourcecode.swift; path = HomeViewController.swift; sourceTree = "<group>"; };
		6F2C26A829CF88480056FCE7 /* Base */ = {isa = PBXFileReference; lastKnownFileType = file.storyboard; name = Base; path = Base.lproj/Main.storyboard; sourceTree = "<group>"; };
		6F2C26AA29CF88490056FCE7 /* Assets.xcassets */ = {isa = PBXFileReference; lastKnownFileType = folder.assetcatalog; path = Assets.xcassets; sourceTree = "<group>"; };
		6F2C26AD29CF88490056FCE7 /* Base */ = {isa = PBXFileReference; lastKnownFileType = file.storyboard; name = Base; path = Base.lproj/LaunchScreen.storyboard; sourceTree = "<group>"; };
		6F2C26AF29CF88490056FCE7 /* Info.plist */ = {isa = PBXFileReference; lastKnownFileType = text.plist.xml; path = Info.plist; sourceTree = "<group>"; };
		6F2C26BA29CF8B530056FCE7 /* ExploreViewController.swift */ = {isa = PBXFileReference; lastKnownFileType = sourcecode.swift; path = ExploreViewController.swift; sourceTree = "<group>"; };
		6F2C26BC29CF8B6D0056FCE7 /* CameraViewController.swift */ = {isa = PBXFileReference; lastKnownFileType = sourcecode.swift; path = CameraViewController.swift; sourceTree = "<group>"; };
		6F2C26BE29CF8B850056FCE7 /* NotificationsViewController.swift */ = {isa = PBXFileReference; lastKnownFileType = sourcecode.swift; path = NotificationsViewController.swift; sourceTree = "<group>"; };
		6F2C26C029CF8B950056FCE7 /* ProfileViewController.swift */ = {isa = PBXFileReference; lastKnownFileType = sourcecode.swift; path = ProfileViewController.swift; sourceTree = "<group>"; };
		6F2C26C429CF8C480056FCE7 /* LoginViewController.swift */ = {isa = PBXFileReference; lastKnownFileType = sourcecode.swift; path = LoginViewController.swift; sourceTree = "<group>"; };
		6F2C26C629CF8C5E0056FCE7 /* RegistrationViewController.swift */ = {isa = PBXFileReference; lastKnownFileType = sourcecode.swift; path = RegistrationViewController.swift; sourceTree = "<group>"; };
		6F2C26C929CF8C920056FCE7 /* PostViewController.swift */ = {isa = PBXFileReference; lastKnownFileType = sourcecode.swift; path = PostViewController.swift; sourceTree = "<group>"; };
		6F2C26CB29CF8CB50056FCE7 /* EditProfileViewController.swift */ = {isa = PBXFileReference; lastKnownFileType = sourcecode.swift; path = EditProfileViewController.swift; sourceTree = "<group>"; };
		6F2C26CD29CF8CC10056FCE7 /* SettingViewController.swift */ = {isa = PBXFileReference; lastKnownFileType = sourcecode.swift; path = SettingViewController.swift; sourceTree = "<group>"; };
		6F2C26CF29CF8CD80056FCE7 /* ListViewController.swift */ = {isa = PBXFileReference; lastKnownFileType = sourcecode.swift; path = ListViewController.swift; sourceTree = "<group>"; };
		6F2C26D129CF8CED0056FCE7 /* SearchViewController.swift */ = {isa = PBXFileReference; lastKnownFileType = sourcecode.swift; path = SearchViewController.swift; sourceTree = "<group>"; };
		6F2C26D329CF8D0D0056FCE7 /* SearchResultViewController.swift */ = {isa = PBXFileReference; lastKnownFileType = sourcecode.swift; path = SearchResultViewController.swift; sourceTree = "<group>"; };
		6F2C26D529CF8E2B0056FCE7 /* PostEditorViewController.swift */ = {isa = PBXFileReference; lastKnownFileType = sourcecode.swift; path = PostEditorViewController.swift; sourceTree = "<group>"; };
		6F2C26D729CF8E400056FCE7 /* PublishPostViewController.swift */ = {isa = PBXFileReference; lastKnownFileType = sourcecode.swift; path = PublishPostViewController.swift; sourceTree = "<group>"; };
		6F7F167629D08C1800C4BDDB /* GoogleService-Info.plist */ = {isa = PBXFileReference; fileEncoding = 4; lastKnownFileType = text.plist.xml; path = "GoogleService-Info.plist"; sourceTree = "<group>"; };
		6F9B823129D0C6EE0048438B /* DatabaseManager.swift */ = {isa = PBXFileReference; lastKnownFileType = sourcecode.swift; path = DatabaseManager.swift; sourceTree = "<group>"; };
		6F9B823329D0C7CC0048438B /* AuthManager.swift */ = {isa = PBXFileReference; lastKnownFileType = sourcecode.swift; path = AuthManager.swift; sourceTree = "<group>"; };
		6F9B823529D0C8280048438B /* StorageManager.swift */ = {isa = PBXFileReference; lastKnownFileType = sourcecode.swift; path = StorageManager.swift; sourceTree = "<group>"; };
		6F9B823729D1D0AD0048438B /* Extensions.swift */ = {isa = PBXFileReference; lastKnownFileType = sourcecode.swift; path = Extensions.swift; sourceTree = "<group>"; };
/* End PBXFileReference section */

/* Begin PBXFrameworksBuildPhase section */
		6F2C269B29CF88480056FCE7 /* Frameworks */ = {
			isa = PBXFrameworksBuildPhase;
			buildActionMask = 2147483647;
			files = (
				6F9B820E29D08E0E0048438B /* FirebaseDatabase in Frameworks */,
				6F9B821C29D08E0E0048438B /* FirebaseFunctionsCombine-Community in Frameworks */,
				6F9B821429D08E0E0048438B /* FirebaseFirestore in Frameworks */,
				6F9B820029D08E0E0048438B /* FirebaseAnalyticsSwift in Frameworks */,
				6F9B81FC29D08E0E0048438B /* FirebaseAnalytics in Frameworks */,
				6F9B81FE29D08E0E0048438B /* FirebaseAnalyticsOnDeviceConversion in Frameworks */,
				6F9B822429D08E0E0048438B /* FirebaseMLModelDownloader in Frameworks */,
				6F9B821829D08E0E0048438B /* FirebaseFirestoreSwift in Frameworks */,
				6F9B820429D08E0E0048438B /* FirebaseAppCheck in Frameworks */,
				6F9B820229D08E0E0048438B /* FirebaseAnalyticsWithoutAdIdSupport in Frameworks */,
				6F9B820829D08E0E0048438B /* FirebaseAuth in Frameworks */,
				6F9B820C29D08E0E0048438B /* FirebaseCrashlytics in Frameworks */,
				6F9B822C29D08E0E0048438B /* FirebaseRemoteConfigSwift in Frameworks */,
				6F9B821E29D08E0E0048438B /* FirebaseInAppMessaging-Beta in Frameworks */,
				6F9B821029D08E0E0048438B /* FirebaseDatabaseSwift in Frameworks */,
				6F9B821A29D08E0E0048438B /* FirebaseFunctions in Frameworks */,
				6F9B823029D08E0E0048438B /* FirebaseStorageCombine-Community in Frameworks */,
				6F9B822A29D08E0E0048438B /* FirebaseRemoteConfig in Frameworks */,
				6F9B820629D08E0E0048438B /* FirebaseAppDistribution-Beta in Frameworks */,
				6F9B820A29D08E0E0048438B /* FirebaseAuthCombine-Community in Frameworks */,
				6F9B822829D08E0E0048438B /* FirebasePerformance in Frameworks */,
				6F9B822029D08E0E0048438B /* FirebaseInAppMessagingSwift-Beta in Frameworks */,
				6F9B822E29D08E0E0048438B /* FirebaseStorage in Frameworks */,
				6F9B821229D08E0E0048438B /* FirebaseDynamicLinks in Frameworks */,
				6F9B821629D08E0E0048438B /* FirebaseFirestoreCombine-Community in Frameworks */,
				6F9B822629D08E0E0048438B /* FirebaseMessaging in Frameworks */,
				6F9B822229D08E0E0048438B /* FirebaseInstallations in Frameworks */,
			);
			runOnlyForDeploymentPostprocessing = 0;
		};
/* End PBXFrameworksBuildPhase section */

/* Begin PBXGroup section */
		6F2C269529CF88480056FCE7 = {
			isa = PBXGroup;
			children = (
				6F2C26A029CF88480056FCE7 /* instagramDoli */,
				6F2C269F29CF88480056FCE7 /* Products */,
			);
			sourceTree = "<group>";
		};
		6F2C269F29CF88480056FCE7 /* Products */ = {
			isa = PBXGroup;
			children = (
				6F2C269E29CF88480056FCE7 /* instagramDoli.app */,
			);
			name = Products;
			sourceTree = "<group>";
		};
		6F2C26A029CF88480056FCE7 /* instagramDoli */ = {
			isa = PBXGroup;
			children = (
				6F2C26B829CF8ABA0056FCE7 /* Resources */,
				6F2C26B729CF8AB00056FCE7 /* Model */,
				6F2C26B629CF8AAA0056FCE7 /* Views */,
				6F2C26B529CF8A9F0056FCE7 /* Controllers */,
				6F2C26AF29CF88490056FCE7 /* Info.plist */,
				6F7F167629D08C1800C4BDDB /* GoogleService-Info.plist */,
			);
			path = instagramDoli;
			sourceTree = "<group>";
		};
		6F2C26B529CF8A9F0056FCE7 /* Controllers */ = {
			isa = PBXGroup;
			children = (
				6F2C26C829CF8C760056FCE7 /* Others */,
				6F2C26C229CF8BAB0056FCE7 /* Core Tabs */,
			);
			path = Controllers;
			sourceTree = "<group>";
		};
		6F2C26B629CF8AAA0056FCE7 /* Views */ = {
			isa = PBXGroup;
			children = (
				6F2C26B929CF8AEC0056FCE7 /* Storyboards */,
				6F2C26AA29CF88490056FCE7 /* Assets.xcassets */,
			);
			path = Views;
			sourceTree = "<group>";
		};
		6F2C26B729CF8AB00056FCE7 /* Model */ = {
			isa = PBXGroup;
			children = (
			);
			path = Model;
			sourceTree = "<group>";
		};
		6F2C26B829CF8ABA0056FCE7 /* Resources */ = {
			isa = PBXGroup;
			children = (
				6F2C26A129CF88480056FCE7 /* AppDelegate.swift */,
				6F2C26A329CF88480056FCE7 /* SceneDelegate.swift */,
				6F9B823129D0C6EE0048438B /* DatabaseManager.swift */,
				6F9B823329D0C7CC0048438B /* AuthManager.swift */,
				6F9B823529D0C8280048438B /* StorageManager.swift */,
				6F9B823729D1D0AD0048438B /* Extensions.swift */,
			);
			path = Resources;
			sourceTree = "<group>";
		};
		6F2C26B929CF8AEC0056FCE7 /* Storyboards */ = {
			isa = PBXGroup;
			children = (
				6F2C26A729CF88480056FCE7 /* Main.storyboard */,
				6F2C26AC29CF88490056FCE7 /* LaunchScreen.storyboard */,
			);
			path = Storyboards;
			sourceTree = "<group>";
		};
		6F2C26C229CF8BAB0056FCE7 /* Core Tabs */ = {
			isa = PBXGroup;
			children = (
				6F2C26A529CF88480056FCE7 /* HomeViewController.swift */,
				6F2C26BA29CF8B530056FCE7 /* ExploreViewController.swift */,
				6F2C26BC29CF8B6D0056FCE7 /* CameraViewController.swift */,
				6F2C26BE29CF8B850056FCE7 /* NotificationsViewController.swift */,
				6F2C26C029CF8B950056FCE7 /* ProfileViewController.swift */,
			);
			path = "Core Tabs";
			sourceTree = "<group>";
		};
		6F2C26C329CF8C2D0056FCE7 /* OnBoarding */ = {
			isa = PBXGroup;
			children = (
				6F2C26C429CF8C480056FCE7 /* LoginViewController.swift */,
				6F2C26C629CF8C5E0056FCE7 /* RegistrationViewController.swift */,
			);
			path = OnBoarding;
			sourceTree = "<group>";
		};
		6F2C26C829CF8C760056FCE7 /* Others */ = {
			isa = PBXGroup;
			children = (
				6F2C26C329CF8C2D0056FCE7 /* OnBoarding */,
				6F2C26C929CF8C920056FCE7 /* PostViewController.swift */,
				6F2C26CB29CF8CB50056FCE7 /* EditProfileViewController.swift */,
				6F2C26CD29CF8CC10056FCE7 /* SettingViewController.swift */,
				6F2C26CF29CF8CD80056FCE7 /* ListViewController.swift */,
				6F2C26D129CF8CED0056FCE7 /* SearchViewController.swift */,
				6F2C26D329CF8D0D0056FCE7 /* SearchResultViewController.swift */,
				6F2C26D529CF8E2B0056FCE7 /* PostEditorViewController.swift */,
				6F2C26D729CF8E400056FCE7 /* PublishPostViewController.swift */,
			);
			path = Others;
			sourceTree = "<group>";
		};
/* End PBXGroup section */

/* Begin PBXNativeTarget section */
		6F2C269D29CF88480056FCE7 /* instagramDoli */ = {
			isa = PBXNativeTarget;
			buildConfigurationList = 6F2C26B229CF88490056FCE7 /* Build configuration list for PBXNativeTarget "instagramDoli" */;
			buildPhases = (
				6F2C269A29CF88480056FCE7 /* Sources */,
				6F2C269B29CF88480056FCE7 /* Frameworks */,
				6F2C269C29CF88480056FCE7 /* Resources */,
			);
			buildRules = (
			);
			dependencies = (
			);
			name = instagramDoli;
			packageProductDependencies = (
				6F9B81FB29D08E0E0048438B /* FirebaseAnalytics */,
				6F9B81FD29D08E0E0048438B /* FirebaseAnalyticsOnDeviceConversion */,
				6F9B81FF29D08E0E0048438B /* FirebaseAnalyticsSwift */,
				6F9B820129D08E0E0048438B /* FirebaseAnalyticsWithoutAdIdSupport */,
				6F9B820329D08E0E0048438B /* FirebaseAppCheck */,
				6F9B820529D08E0E0048438B /* FirebaseAppDistribution-Beta */,
				6F9B820729D08E0E0048438B /* FirebaseAuth */,
				6F9B820929D08E0E0048438B /* FirebaseAuthCombine-Community */,
				6F9B820B29D08E0E0048438B /* FirebaseCrashlytics */,
				6F9B820D29D08E0E0048438B /* FirebaseDatabase */,
				6F9B820F29D08E0E0048438B /* FirebaseDatabaseSwift */,
				6F9B821129D08E0E0048438B /* FirebaseDynamicLinks */,
				6F9B821329D08E0E0048438B /* FirebaseFirestore */,
				6F9B821529D08E0E0048438B /* FirebaseFirestoreCombine-Community */,
				6F9B821729D08E0E0048438B /* FirebaseFirestoreSwift */,
				6F9B821929D08E0E0048438B /* FirebaseFunctions */,
				6F9B821B29D08E0E0048438B /* FirebaseFunctionsCombine-Community */,
				6F9B821D29D08E0E0048438B /* FirebaseInAppMessaging-Beta */,
				6F9B821F29D08E0E0048438B /* FirebaseInAppMessagingSwift-Beta */,
				6F9B822129D08E0E0048438B /* FirebaseInstallations */,
				6F9B822329D08E0E0048438B /* FirebaseMLModelDownloader */,
				6F9B822529D08E0E0048438B /* FirebaseMessaging */,
				6F9B822729D08E0E0048438B /* FirebasePerformance */,
				6F9B822929D08E0E0048438B /* FirebaseRemoteConfig */,
				6F9B822B29D08E0E0048438B /* FirebaseRemoteConfigSwift */,
				6F9B822D29D08E0E0048438B /* FirebaseStorage */,
				6F9B822F29D08E0E0048438B /* FirebaseStorageCombine-Community */,
			);
			productName = instagramDoli;
			productReference = 6F2C269E29CF88480056FCE7 /* instagramDoli.app */;
			productType = "com.apple.product-type.application";
		};
/* End PBXNativeTarget section */

/* Begin PBXProject section */
		6F2C269629CF88480056FCE7 /* Project object */ = {
			isa = PBXProject;
			attributes = {
				BuildIndependentTargetsInParallel = 1;
				LastSwiftUpdateCheck = 1420;
				LastUpgradeCheck = 1420;
				TargetAttributes = {
					6F2C269D29CF88480056FCE7 = {
						CreatedOnToolsVersion = 14.2;
					};
				};
			};
			buildConfigurationList = 6F2C269929CF88480056FCE7 /* Build configuration list for PBXProject "instagramDoli" */;
			compatibilityVersion = "Xcode 14.0";
			developmentRegion = en;
			hasScannedForEncodings = 0;
			knownRegions = (
				en,
				Base,
			);
			mainGroup = 6F2C269529CF88480056FCE7;
			packageReferences = (
				6F9B81FA29D08E0E0048438B /* XCRemoteSwiftPackageReference "firebase-ios-sdk" */,
			);
			productRefGroup = 6F2C269F29CF88480056FCE7 /* Products */;
			projectDirPath = "";
			projectRoot = "";
			targets = (
				6F2C269D29CF88480056FCE7 /* instagramDoli */,
			);
		};
/* End PBXProject section */

/* Begin PBXResourcesBuildPhase section */
		6F2C269C29CF88480056FCE7 /* Resources */ = {
			isa = PBXResourcesBuildPhase;
			buildActionMask = 2147483647;
			files = (
				6F2C26AE29CF88490056FCE7 /* LaunchScreen.storyboard in Resources */,
				6F7F167729D08C1800C4BDDB /* GoogleService-Info.plist in Resources */,
				6F2C26AB29CF88490056FCE7 /* Assets.xcassets in Resources */,
				6F2C26A929CF88480056FCE7 /* Main.storyboard in Resources */,
			);
			runOnlyForDeploymentPostprocessing = 0;
		};
/* End PBXResourcesBuildPhase section */

/* Begin PBXSourcesBuildPhase section */
		6F2C269A29CF88480056FCE7 /* Sources */ = {
			isa = PBXSourcesBuildPhase;
			buildActionMask = 2147483647;
			files = (
				6F2C26CC29CF8CB50056FCE7 /* EditProfileViewController.swift in Sources */,
				6F2C26BB29CF8B530056FCE7 /* ExploreViewController.swift in Sources */,
				6F2C26D829CF8E400056FCE7 /* PublishPostViewController.swift in Sources */,
				6F2C26BD29CF8B6D0056FCE7 /* CameraViewController.swift in Sources */,
				6F2C26A629CF88480056FCE7 /* HomeViewController.swift in Sources */,
				6F2C26C729CF8C5E0056FCE7 /* RegistrationViewController.swift in Sources */,
				6F2C26D629CF8E2B0056FCE7 /* PostEditorViewController.swift in Sources */,
				6F9B823629D0C8280048438B /* StorageManager.swift in Sources */,
				6F2C26CA29CF8C920056FCE7 /* PostViewController.swift in Sources */,
				6F9B823229D0C6EE0048438B /* DatabaseManager.swift in Sources */,
				6F2C26BF29CF8B850056FCE7 /* NotificationsViewController.swift in Sources */,
				6F2C26D429CF8D0D0056FCE7 /* SearchResultViewController.swift in Sources */,
				6F2C26C529CF8C480056FCE7 /* LoginViewController.swift in Sources */,
				6F9B823829D1D0AD0048438B /* Extensions.swift in Sources */,
				6F2C26D229CF8CED0056FCE7 /* SearchViewController.swift in Sources */,
				6F2C26C129CF8B950056FCE7 /* ProfileViewController.swift in Sources */,
				6F9B823429D0C7CC0048438B /* AuthManager.swift in Sources */,
				6F2C26A229CF88480056FCE7 /* AppDelegate.swift in Sources */,
				6F2C26A429CF88480056FCE7 /* SceneDelegate.swift in Sources */,
				6F2C26D029CF8CD80056FCE7 /* ListViewController.swift in Sources */,
				6F2C26CE29CF8CC10056FCE7 /* SettingViewController.swift in Sources */,
			);
			runOnlyForDeploymentPostprocessing = 0;
		};
/* End PBXSourcesBuildPhase section */

/* Begin PBXVariantGroup section */
		6F2C26A729CF88480056FCE7 /* Main.storyboard */ = {
			isa = PBXVariantGroup;
			children = (
				6F2C26A829CF88480056FCE7 /* Base */,
			);
			name = Main.storyboard;
			sourceTree = "<group>";
		};
		6F2C26AC29CF88490056FCE7 /* LaunchScreen.storyboard */ = {
			isa = PBXVariantGroup;
			children = (
				6F2C26AD29CF88490056FCE7 /* Base */,
			);
			name = LaunchScreen.storyboard;
			sourceTree = "<group>";
		};
/* End PBXVariantGroup section */

/* Begin XCBuildConfiguration section */
		6F2C26B029CF88490056FCE7 /* Debug */ = {
			isa = XCBuildConfiguration;
			buildSettings = {
				ALWAYS_SEARCH_USER_PATHS = NO;
				CLANG_ANALYZER_NONNULL = YES;
				CLANG_ANALYZER_NUMBER_OBJECT_CONVERSION = YES_AGGRESSIVE;
				CLANG_CXX_LANGUAGE_STANDARD = "gnu++20";
				CLANG_ENABLE_MODULES = YES;
				CLANG_ENABLE_OBJC_ARC = YES;
				CLANG_ENABLE_OBJC_WEAK = YES;
				CLANG_WARN_BLOCK_CAPTURE_AUTORELEASING = YES;
				CLANG_WARN_BOOL_CONVERSION = YES;
				CLANG_WARN_COMMA = YES;
				CLANG_WARN_CONSTANT_CONVERSION = YES;
				CLANG_WARN_DEPRECATED_OBJC_IMPLEMENTATIONS = YES;
				CLANG_WARN_DIRECT_OBJC_ISA_USAGE = YES_ERROR;
				CLANG_WARN_DOCUMENTATION_COMMENTS = YES;
				CLANG_WARN_EMPTY_BODY = YES;
				CLANG_WARN_ENUM_CONVERSION = YES;
				CLANG_WARN_INFINITE_RECURSION = YES;
				CLANG_WARN_INT_CONVERSION = YES;
				CLANG_WARN_NON_LITERAL_NULL_CONVERSION = YES;
				CLANG_WARN_OBJC_IMPLICIT_RETAIN_SELF = YES;
				CLANG_WARN_OBJC_LITERAL_CONVERSION = YES;
				CLANG_WARN_OBJC_ROOT_CLASS = YES_ERROR;
				CLANG_WARN_QUOTED_INCLUDE_IN_FRAMEWORK_HEADER = YES;
				CLANG_WARN_RANGE_LOOP_ANALYSIS = YES;
				CLANG_WARN_STRICT_PROTOTYPES = YES;
				CLANG_WARN_SUSPICIOUS_MOVE = YES;
				CLANG_WARN_UNGUARDED_AVAILABILITY = YES_AGGRESSIVE;
				CLANG_WARN_UNREACHABLE_CODE = YES;
				CLANG_WARN__DUPLICATE_METHOD_MATCH = YES;
				COPY_PHASE_STRIP = NO;
				DEBUG_INFORMATION_FORMAT = dwarf;
				ENABLE_STRICT_OBJC_MSGSEND = YES;
				ENABLE_TESTABILITY = YES;
				GCC_C_LANGUAGE_STANDARD = gnu11;
				GCC_DYNAMIC_NO_PIC = NO;
				GCC_NO_COMMON_BLOCKS = YES;
				GCC_OPTIMIZATION_LEVEL = 0;
				GCC_PREPROCESSOR_DEFINITIONS = (
					"DEBUG=1",
					"$(inherited)",
				);
				GCC_WARN_64_TO_32_BIT_CONVERSION = YES;
				GCC_WARN_ABOUT_RETURN_TYPE = YES_ERROR;
				GCC_WARN_UNDECLARED_SELECTOR = YES;
				GCC_WARN_UNINITIALIZED_AUTOS = YES_AGGRESSIVE;
				GCC_WARN_UNUSED_FUNCTION = YES;
				GCC_WARN_UNUSED_VARIABLE = YES;
				IPHONEOS_DEPLOYMENT_TARGET = 16.2;
				MTL_ENABLE_DEBUG_INFO = INCLUDE_SOURCE;
				MTL_FAST_MATH = YES;
				ONLY_ACTIVE_ARCH = YES;
				SDKROOT = iphoneos;
				SWIFT_ACTIVE_COMPILATION_CONDITIONS = DEBUG;
				SWIFT_OPTIMIZATION_LEVEL = "-Onone";
			};
			name = Debug;
		};
		6F2C26B129CF88490056FCE7 /* Release */ = {
			isa = XCBuildConfiguration;
			buildSettings = {
				ALWAYS_SEARCH_USER_PATHS = NO;
				CLANG_ANALYZER_NONNULL = YES;
				CLANG_ANALYZER_NUMBER_OBJECT_CONVERSION = YES_AGGRESSIVE;
				CLANG_CXX_LANGUAGE_STANDARD = "gnu++20";
				CLANG_ENABLE_MODULES = YES;
				CLANG_ENABLE_OBJC_ARC = YES;
				CLANG_ENABLE_OBJC_WEAK = YES;
				CLANG_WARN_BLOCK_CAPTURE_AUTORELEASING = YES;
				CLANG_WARN_BOOL_CONVERSION = YES;
				CLANG_WARN_COMMA = YES;
				CLANG_WARN_CONSTANT_CONVERSION = YES;
				CLANG_WARN_DEPRECATED_OBJC_IMPLEMENTATIONS = YES;
				CLANG_WARN_DIRECT_OBJC_ISA_USAGE = YES_ERROR;
				CLANG_WARN_DOCUMENTATION_COMMENTS = YES;
				CLANG_WARN_EMPTY_BODY = YES;
				CLANG_WARN_ENUM_CONVERSION = YES;
				CLANG_WARN_INFINITE_RECURSION = YES;
				CLANG_WARN_INT_CONVERSION = YES;
				CLANG_WARN_NON_LITERAL_NULL_CONVERSION = YES;
				CLANG_WARN_OBJC_IMPLICIT_RETAIN_SELF = YES;
				CLANG_WARN_OBJC_LITERAL_CONVERSION = YES;
				CLANG_WARN_OBJC_ROOT_CLASS = YES_ERROR;
				CLANG_WARN_QUOTED_INCLUDE_IN_FRAMEWORK_HEADER = YES;
				CLANG_WARN_RANGE_LOOP_ANALYSIS = YES;
				CLANG_WARN_STRICT_PROTOTYPES = YES;
				CLANG_WARN_SUSPICIOUS_MOVE = YES;
				CLANG_WARN_UNGUARDED_AVAILABILITY = YES_AGGRESSIVE;
				CLANG_WARN_UNREACHABLE_CODE = YES;
				CLANG_WARN__DUPLICATE_METHOD_MATCH = YES;
				COPY_PHASE_STRIP = NO;
				DEBUG_INFORMATION_FORMAT = "dwarf-with-dsym";
				ENABLE_NS_ASSERTIONS = NO;
				ENABLE_STRICT_OBJC_MSGSEND = YES;
				GCC_C_LANGUAGE_STANDARD = gnu11;
				GCC_NO_COMMON_BLOCKS = YES;
				GCC_WARN_64_TO_32_BIT_CONVERSION = YES;
				GCC_WARN_ABOUT_RETURN_TYPE = YES_ERROR;
				GCC_WARN_UNDECLARED_SELECTOR = YES;
				GCC_WARN_UNINITIALIZED_AUTOS = YES_AGGRESSIVE;
				GCC_WARN_UNUSED_FUNCTION = YES;
				GCC_WARN_UNUSED_VARIABLE = YES;
				IPHONEOS_DEPLOYMENT_TARGET = 16.2;
				MTL_ENABLE_DEBUG_INFO = NO;
				MTL_FAST_MATH = YES;
				SDKROOT = iphoneos;
				SWIFT_COMPILATION_MODE = wholemodule;
				SWIFT_OPTIMIZATION_LEVEL = "-O";
				VALIDATE_PRODUCT = YES;
			};
			name = Release;
		};
		6F2C26B329CF88490056FCE7 /* Debug */ = {
			isa = XCBuildConfiguration;
			buildSettings = {
				ASSETCATALOG_COMPILER_APPICON_NAME = AppIcon;
				ASSETCATALOG_COMPILER_GLOBAL_ACCENT_COLOR_NAME = AccentColor;
				CODE_SIGN_STYLE = Automatic;
				CURRENT_PROJECT_VERSION = 1;
				DEVELOPMENT_TEAM = GP4P669DH8;
				GENERATE_INFOPLIST_FILE = YES;
				INFOPLIST_FILE = instagramDoli/Info.plist;
				INFOPLIST_KEY_UIApplicationSupportsIndirectInputEvents = YES;
				INFOPLIST_KEY_UILaunchStoryboardName = LaunchScreen;
				INFOPLIST_KEY_UIMainStoryboardFile = Main;
				INFOPLIST_KEY_UISupportedInterfaceOrientations = UIInterfaceOrientationPortrait;
				INFOPLIST_KEY_UISupportedInterfaceOrientations_iPad = "UIInterfaceOrientationLandscapeLeft UIInterfaceOrientationLandscapeRight UIInterfaceOrientationPortrait UIInterfaceOrientationPortraitUpsideDown";
				LD_RUNPATH_SEARCH_PATHS = (
					"$(inherited)",
					"@executable_path/Frameworks",
				);
				MARKETING_VERSION = 1.0;
				PRODUCT_BUNDLE_IDENTIFIER = nico.instagramDoli;
				PRODUCT_NAME = "$(TARGET_NAME)";
				SUPPORTED_PLATFORMS = "iphoneos iphonesimulator";
				SUPPORTS_MACCATALYST = NO;
				SUPPORTS_MAC_DESIGNED_FOR_IPHONE_IPAD = NO;
				SWIFT_EMIT_LOC_STRINGS = YES;
				SWIFT_VERSION = 5.0;
				TARGETED_DEVICE_FAMILY = 1;
			};
			name = Debug;
		};
		6F2C26B429CF88490056FCE7 /* Release */ = {
			isa = XCBuildConfiguration;
			buildSettings = {
				ASSETCATALOG_COMPILER_APPICON_NAME = AppIcon;
				ASSETCATALOG_COMPILER_GLOBAL_ACCENT_COLOR_NAME = AccentColor;
				CODE_SIGN_STYLE = Automatic;
				CURRENT_PROJECT_VERSION = 1;
				DEVELOPMENT_TEAM = GP4P669DH8;
				GENERATE_INFOPLIST_FILE = YES;
				INFOPLIST_FILE = instagramDoli/Info.plist;
				INFOPLIST_KEY_UIApplicationSupportsIndirectInputEvents = YES;
				INFOPLIST_KEY_UILaunchStoryboardName = LaunchScreen;
				INFOPLIST_KEY_UIMainStoryboardFile = Main;
				INFOPLIST_KEY_UISupportedInterfaceOrientations = UIInterfaceOrientationPortrait;
				INFOPLIST_KEY_UISupportedInterfaceOrientations_iPad = "UIInterfaceOrientationLandscapeLeft UIInterfaceOrientationLandscapeRight UIInterfaceOrientationPortrait UIInterfaceOrientationPortraitUpsideDown";
				LD_RUNPATH_SEARCH_PATHS = (
					"$(inherited)",
					"@executable_path/Frameworks",
				);
				MARKETING_VERSION = 1.0;
				PRODUCT_BUNDLE_IDENTIFIER = nico.instagramDoli;
				PRODUCT_NAME = "$(TARGET_NAME)";
				SUPPORTED_PLATFORMS = "iphoneos iphonesimulator";
				SUPPORTS_MACCATALYST = NO;
				SUPPORTS_MAC_DESIGNED_FOR_IPHONE_IPAD = NO;
				SWIFT_EMIT_LOC_STRINGS = YES;
				SWIFT_VERSION = 5.0;
				TARGETED_DEVICE_FAMILY = 1;
			};
			name = Release;
		};
/* End XCBuildConfiguration section */

/* Begin XCConfigurationList section */
		6F2C269929CF88480056FCE7 /* Build configuration list for PBXProject "instagramDoli" */ = {
			isa = XCConfigurationList;
			buildConfigurations = (
				6F2C26B029CF88490056FCE7 /* Debug */,
				6F2C26B129CF88490056FCE7 /* Release */,
			);
			defaultConfigurationIsVisible = 0;
			defaultConfigurationName = Release;
		};
		6F2C26B229CF88490056FCE7 /* Build configuration list for PBXNativeTarget "instagramDoli" */ = {
			isa = XCConfigurationList;
			buildConfigurations = (
				6F2C26B329CF88490056FCE7 /* Debug */,
				6F2C26B429CF88490056FCE7 /* Release */,
			);
			defaultConfigurationIsVisible = 0;
			defaultConfigurationName = Release;
		};
/* End XCConfigurationList section */

/* Begin XCRemoteSwiftPackageReference section */
		6F9B81FA29D08E0E0048438B /* XCRemoteSwiftPackageReference "firebase-ios-sdk" */ = {
			isa = XCRemoteSwiftPackageReference;
			repositoryURL = "https://github.com/firebase/firebase-ios-sdk";
			requirement = {
				branch = master;
				kind = branch;
			};
		};
/* End XCRemoteSwiftPackageReference section */

/* Begin XCSwiftPackageProductDependency section */
		6F9B81FB29D08E0E0048438B /* FirebaseAnalytics */ = {
			isa = XCSwiftPackageProductDependency;
			package = 6F9B81FA29D08E0E0048438B /* XCRemoteSwiftPackageReference "firebase-ios-sdk" */;
			productName = FirebaseAnalytics;
		};
		6F9B81FD29D08E0E0048438B /* FirebaseAnalyticsOnDeviceConversion */ = {
			isa = XCSwiftPackageProductDependency;
			package = 6F9B81FA29D08E0E0048438B /* XCRemoteSwiftPackageReference "firebase-ios-sdk" */;
			productName = FirebaseAnalyticsOnDeviceConversion;
		};
		6F9B81FF29D08E0E0048438B /* FirebaseAnalyticsSwift */ = {
			isa = XCSwiftPackageProductDependency;
			package = 6F9B81FA29D08E0E0048438B /* XCRemoteSwiftPackageReference "firebase-ios-sdk" */;
			productName = FirebaseAnalyticsSwift;
		};
		6F9B820129D08E0E0048438B /* FirebaseAnalyticsWithoutAdIdSupport */ = {
			isa = XCSwiftPackageProductDependency;
			package = 6F9B81FA29D08E0E0048438B /* XCRemoteSwiftPackageReference "firebase-ios-sdk" */;
			productName = FirebaseAnalyticsWithoutAdIdSupport;
		};
		6F9B820329D08E0E0048438B /* FirebaseAppCheck */ = {
			isa = XCSwiftPackageProductDependency;
			package = 6F9B81FA29D08E0E0048438B /* XCRemoteSwiftPackageReference "firebase-ios-sdk" */;
			productName = FirebaseAppCheck;
		};
		6F9B820529D08E0E0048438B /* FirebaseAppDistribution-Beta */ = {
			isa = XCSwiftPackageProductDependency;
			package = 6F9B81FA29D08E0E0048438B /* XCRemoteSwiftPackageReference "firebase-ios-sdk" */;
			productName = "FirebaseAppDistribution-Beta";
		};
		6F9B820729D08E0E0048438B /* FirebaseAuth */ = {
			isa = XCSwiftPackageProductDependency;
			package = 6F9B81FA29D08E0E0048438B /* XCRemoteSwiftPackageReference "firebase-ios-sdk" */;
			productName = FirebaseAuth;
		};
		6F9B820929D08E0E0048438B /* FirebaseAuthCombine-Community */ = {
			isa = XCSwiftPackageProductDependency;
			package = 6F9B81FA29D08E0E0048438B /* XCRemoteSwiftPackageReference "firebase-ios-sdk" */;
			productName = "FirebaseAuthCombine-Community";
		};
		6F9B820B29D08E0E0048438B /* FirebaseCrashlytics */ = {
			isa = XCSwiftPackageProductDependency;
			package = 6F9B81FA29D08E0E0048438B /* XCRemoteSwiftPackageReference "firebase-ios-sdk" */;
			productName = FirebaseCrashlytics;
		};
		6F9B820D29D08E0E0048438B /* FirebaseDatabase */ = {
			isa = XCSwiftPackageProductDependency;
			package = 6F9B81FA29D08E0E0048438B /* XCRemoteSwiftPackageReference "firebase-ios-sdk" */;
			productName = FirebaseDatabase;
		};
		6F9B820F29D08E0E0048438B /* FirebaseDatabaseSwift */ = {
			isa = XCSwiftPackageProductDependency;
			package = 6F9B81FA29D08E0E0048438B /* XCRemoteSwiftPackageReference "firebase-ios-sdk" */;
			productName = FirebaseDatabaseSwift;
		};
		6F9B821129D08E0E0048438B /* FirebaseDynamicLinks */ = {
			isa = XCSwiftPackageProductDependency;
			package = 6F9B81FA29D08E0E0048438B /* XCRemoteSwiftPackageReference "firebase-ios-sdk" */;
			productName = FirebaseDynamicLinks;
		};
		6F9B821329D08E0E0048438B /* FirebaseFirestore */ = {
			isa = XCSwiftPackageProductDependency;
			package = 6F9B81FA29D08E0E0048438B /* XCRemoteSwiftPackageReference "firebase-ios-sdk" */;
			productName = FirebaseFirestore;
		};
		6F9B821529D08E0E0048438B /* FirebaseFirestoreCombine-Community */ = {
			isa = XCSwiftPackageProductDependency;
			package = 6F9B81FA29D08E0E0048438B /* XCRemoteSwiftPackageReference "firebase-ios-sdk" */;
			productName = "FirebaseFirestoreCombine-Community";
		};
		6F9B821729D08E0E0048438B /* FirebaseFirestoreSwift */ = {
			isa = XCSwiftPackageProductDependency;
			package = 6F9B81FA29D08E0E0048438B /* XCRemoteSwiftPackageReference "firebase-ios-sdk" */;
			productName = FirebaseFirestoreSwift;
		};
		6F9B821929D08E0E0048438B /* FirebaseFunctions */ = {
			isa = XCSwiftPackageProductDependency;
			package = 6F9B81FA29D08E0E0048438B /* XCRemoteSwiftPackageReference "firebase-ios-sdk" */;
			productName = FirebaseFunctions;
		};
		6F9B821B29D08E0E0048438B /* FirebaseFunctionsCombine-Community */ = {
			isa = XCSwiftPackageProductDependency;
			package = 6F9B81FA29D08E0E0048438B /* XCRemoteSwiftPackageReference "firebase-ios-sdk" */;
			productName = "FirebaseFunctionsCombine-Community";
		};
		6F9B821D29D08E0E0048438B /* FirebaseInAppMessaging-Beta */ = {
			isa = XCSwiftPackageProductDependency;
			package = 6F9B81FA29D08E0E0048438B /* XCRemoteSwiftPackageReference "firebase-ios-sdk" */;
			productName = "FirebaseInAppMessaging-Beta";
		};
		6F9B821F29D08E0E0048438B /* FirebaseInAppMessagingSwift-Beta */ = {
			isa = XCSwiftPackageProductDependency;
			package = 6F9B81FA29D08E0E0048438B /* XCRemoteSwiftPackageReference "firebase-ios-sdk" */;
			productName = "FirebaseInAppMessagingSwift-Beta";
		};
		6F9B822129D08E0E0048438B /* FirebaseInstallations */ = {
			isa = XCSwiftPackageProductDependency;
			package = 6F9B81FA29D08E0E0048438B /* XCRemoteSwiftPackageReference "firebase-ios-sdk" */;
			productName = FirebaseInstallations;
		};
		6F9B822329D08E0E0048438B /* FirebaseMLModelDownloader */ = {
			isa = XCSwiftPackageProductDependency;
			package = 6F9B81FA29D08E0E0048438B /* XCRemoteSwiftPackageReference "firebase-ios-sdk" */;
			productName = FirebaseMLModelDownloader;
		};
		6F9B822529D08E0E0048438B /* FirebaseMessaging */ = {
			isa = XCSwiftPackageProductDependency;
			package = 6F9B81FA29D08E0E0048438B /* XCRemoteSwiftPackageReference "firebase-ios-sdk" */;
			productName = FirebaseMessaging;
		};
		6F9B822729D08E0E0048438B /* FirebasePerformance */ = {
			isa = XCSwiftPackageProductDependency;
			package = 6F9B81FA29D08E0E0048438B /* XCRemoteSwiftPackageReference "firebase-ios-sdk" */;
			productName = FirebasePerformance;
		};
		6F9B822929D08E0E0048438B /* FirebaseRemoteConfig */ = {
			isa = XCSwiftPackageProductDependency;
			package = 6F9B81FA29D08E0E0048438B /* XCRemoteSwiftPackageReference "firebase-ios-sdk" */;
			productName = FirebaseRemoteConfig;
		};
		6F9B822B29D08E0E0048438B /* FirebaseRemoteConfigSwift */ = {
			isa = XCSwiftPackageProductDependency;
			package = 6F9B81FA29D08E0E0048438B /* XCRemoteSwiftPackageReference "firebase-ios-sdk" */;
			productName = FirebaseRemoteConfigSwift;
		};
		6F9B822D29D08E0E0048438B /* FirebaseStorage */ = {
			isa = XCSwiftPackageProductDependency;
			package = 6F9B81FA29D08E0E0048438B /* XCRemoteSwiftPackageReference "firebase-ios-sdk" */;
			productName = FirebaseStorage;
		};
		6F9B822F29D08E0E0048438B /* FirebaseStorageCombine-Community */ = {
			isa = XCSwiftPackageProductDependency;
			package = 6F9B81FA29D08E0E0048438B /* XCRemoteSwiftPackageReference "firebase-ios-sdk" */;
			productName = "FirebaseStorageCombine-Community";
		};
/* End XCSwiftPackageProductDependency section */
	};
	rootObject = 6F2C269629CF88480056FCE7 /* Project object */;
}
